
Microsoft Visual Studio Solution File, Format Version 12.00
Project("{F2A71F9B-5D33-465A-A702-920D77279786}") = "ListReversal", "ListReversal\ListReversal.fsproj", "{9456B2E3-E60C-4EA3-AFC3-49C4C9AF8578}"
EndProject
Project("{F2A71F9B-5D33-465A-A702-920D77279786}") = "ListReversalTests", "ListReversalTests\ListReversalTests.fsproj", "{40650F6A-A9A9-4F2C-9CE5-A69B8BA15D65}"
EndProject
Global
	GlobalSection(SolutionConfigurationPlatforms) = preSolution
		Debug|Any CPU = Debug|Any CPU
		Release|Any CPU = Release|Any CPU
	EndGlobalSection
	GlobalSection(ProjectConfigurationPlatforms) = postSolution
		{9456B2E3-E60C-4EA3-AFC3-49C4C9AF8578}.Debug|Any CPU.ActiveCfg = Debug|Any CPU
		{9456B2E3-E60C-4EA3-AFC3-49C4C9AF8578}.Debug|Any CPU.Build.0 = Debug|Any CPU
		{9456B2E3-E60C-4EA3-AFC3-49C4C9AF8578}.Release|Any CPU.ActiveCfg = Release|Any CPU
		{9456B2E3-E60C-4EA3-AFC3-49C4C9AF8578}.Release|Any CPU.Build.0 = Release|Any CPU
		{40650F6A-A9A9-4F2C-9CE5-A69B8BA15D65}.Debug|Any CPU.ActiveCfg = Debug|Any CPU
		{40650F6A-A9A9-4F2C-9CE5-A69B8BA15D65}.Debug|Any CPU.Build.0 = Debug|Any CPU
		{40650F6A-A9A9-4F2C-9CE5-A69B8BA15D65}.Release|Any CPU.ActiveCfg = Release|Any CPU
		{40650F6A-A9A9-4F2C-9CE5-A69B8BA15D65}.Release|Any CPU.Build.0 = Release|Any CPU
	EndGlobalSection
EndGlobal
